{
    "_readme": [
        "This file locks the dependencies of your project to a known state",
        "Read more about it at https://getcomposer.org/doc/01-basic-usage.md#installing-dependencies",
        "This file is @generated automatically"
    ],
    "content-hash": "cd5862edb69836ea5ea86bce215a1cc1",
    "packages": [
        {
            "name": "league/commonmark",
            "version": "0.18.2",
            "source": {
                "type": "git",
                "url": "https://github.com/thephpleague/commonmark.git",
                "reference": "ad51c7cafb90e0bbd9f34b71d18d05994547e352"
            },
            "dist": {
                "type": "zip",
                "url": "https://api.github.com/repos/thephpleague/commonmark/zipball/ad51c7cafb90e0bbd9f34b71d18d05994547e352",
                "reference": "ad51c7cafb90e0bbd9f34b71d18d05994547e352",
                "shasum": ""
            },
            "require": {
                "ext-mbstring": "*",
                "php": ">=5.6.5"
            },
            "replace": {
                "colinodell/commonmark-php": "*"
            },
            "require-dev": {
                "cebe/markdown": "~1.0",
                "commonmark/commonmark.js": "0.28",
                "erusev/parsedown": "~1.0",
                "michelf/php-markdown": "~1.4",
                "mikehaertl/php-shellcommand": "^1.2",
                "phpunit/phpunit": "^5.7|^6.5",
                "scrutinizer/ocular": "^1.1",
                "symfony/finder": "^3.0|^4.0"
            },
            "suggest": {
                "league/commonmark-extras": "Library of useful extensions including smart punctuation"
            },
            "bin": [
                "bin/commonmark"
            ],
            "type": "library",
            "extra": {
                "branch-alias": {
                    "dev-master": "0.19-dev"
                }
            },
            "autoload": {
                "psr-4": {
                    "League\\CommonMark\\": "src/"
                }
            },
            "notification-url": "https://packagist.org/downloads/",
            "license": [
                "BSD-3-Clause"
            ],
            "authors": [
                {
                    "name": "Colin O'Dell",
                    "email": "colinodell@gmail.com",
                    "homepage": "https://www.colinodell.com",
                    "role": "Lead Developer"
                }
            ],
            "description": "PHP Markdown parser based on the CommonMark spec",
            "homepage": "https://github.com/thephpleague/commonmark",
            "keywords": [
                "commonmark",
                "markdown",
                "parser"
            ],
            "support": {
                "docs": "https://commonmark.thephpleague.com/",
                "issues": "https://github.com/thephpleague/commonmark/issues",
                "rss": "https://github.com/thephpleague/commonmark/releases.atom",
                "source": "https://github.com/thephpleague/commonmark"
            },
            "time": "2019-03-17T01:41:59+00:00"
        }
    ],
    "packages-dev": [],
    "aliases": [],
    "minimum-stability": "stable",
    "stability-flags": [],
    "prefer-stable": false,
    "prefer-lowest": false,
    "platform": [],
    "platform-dev": [],
    "plugin-api-version": "2.1.0"
}
